{
  "nodes": {
    "flake-compat": {
      "flake": false,
      "locked": {
        "lastModified": 1641205782,
        "narHash": "sha256-4jY7RCWUoZ9cKD8co0/4tFARpWB+57+r1bLLvXNJliY=",
        "owner": "edolstra",
        "repo": "flake-compat",
        "rev": "b7547d3eed6f32d06102ead8991ec52ab0a4f1a7",
        "type": "github"
      },
      "original": {
        "owner": "edolstra",
        "repo": "flake-compat",
        "type": "github"
      }
    },
    "flake-utils": {
      "locked": {
        "lastModified": 1644229661,
        "narHash": "sha256-1YdnJAsNy69bpcjuoKdOYQX0YxZBiCYZo4Twxerqv7k=",
        "owner": "numtide",
        "repo": "flake-utils",
        "rev": "3cecb5b042f7f209c56ffd8371b2711a290ec797",
        "type": "github"
      },
      "original": {
        "owner": "numtide",
        "repo": "flake-utils",
        "type": "github"
      }
    },
    "nixpkgs-release": {
      "locked": {
        "lastModified": 1645296737,
        "narHash": "sha256-d7H8M8tVCSWp86FG5eefDqqmkjA3B9sGMqCBQUnnlX4=",
        "owner": "NixOS",
        "repo": "nixpkgs",
        "rev": "f857468759b62f16ec0d503c2dcad79561626475",
        "type": "github"
      },
      "original": {
        "owner": "NixOS",
        "ref": "release-21.11",
        "repo": "nixpkgs",
        "type": "github"
      }
    },
    "nixpkgs-unstable": {
      "locked": {
        "lastModified": 1645013224,
        "narHash": "sha256-b7OEC8vwzJv3rsz9pwnTX2LQDkeOWz2DbKypkVvNHXc=",
        "owner": "NixOS",
        "repo": "nixpkgs",
        "rev": "b66b39216b1fef2d8c33cc7a5c72d8da80b79970",
        "type": "github"
      },
      "original": {
        "owner": "NixOS",
        "ref": "nixpkgs-unstable",
        "repo": "nixpkgs",
        "type": "github"
      }
    },
    "root": {
      "inputs": {
        "flake-compat": "flake-compat",
        "flake-utils": "flake-utils",
        "nixpkgs": [
          "nixpkgs-release"
        ],
        "nixpkgs-release": "nixpkgs-release",
        "nixpkgs-unstable": "nixpkgs-unstable",
        "servant": "servant"
      }
    },
    "servant": {
      "flake": false,
      "locked": {
        "lastModified": 1645184225,
        "narHash": "sha256-botajkhbIiBi/MRUL6ES5w+FtY1kK07v1P6P6Yx6kmU=",
        "owner": "haskell-servant",
        "repo": "servant",
        "rev": "7ef9730f77bd2a20c9c5b3effce1b4126c79b8f7",
        "type": "github"
      },
      "original": {
        "owner": "haskell-servant",
        "repo": "servant",
        "type": "github"
      }
    }
  },
  "root": "root",
  "version": 7
}
